{
  "name": "ft_transcendence",
  "lockfileVersion": 2,
  "requires": true,
  "packages": {
    "": {
      "dependencies": {
        "@fortawesome/fontawesome-svg-core": "^6.4.2"
      }
    },
    "node_modules/@fortawesome/fontawesome-common-types": {
      "version": "6.5.0",
      "resolved": "https://registry.npmjs.org/@fortawesome/fontawesome-common-types/-/fontawesome-common-types-6.5.0.tgz",
      "integrity": "sha512-vYC8oN2l8meu05sRi1j3Iie/HNFAeIxpitYFhsUrBc11TxiMken9QdXnSQ0q16FYsOSt/6soxs5ghdk+VYGiog==",
      "hasInstallScript": true,
      "engines": {
        "node": ">=6"
      }
    },
    "node_modules/@fortawesome/fontawesome-svg-core": {
      "version": "6.5.0",
      "resolved": "https://registry.npmjs.org/@fortawesome/fontawesome-svg-core/-/fontawesome-svg-core-6.5.0.tgz",
      "integrity": "sha512-5DrR+oxQr+ruRQ3CEVV8DSCT/q8Atm56+FzAs0P6eW/epW47OmecSpSwc/YTlJ3u5BfPKUBSGyPR2qjZ+5eIgA==",
      "hasInstallScript": true,
      "dependencies": {
        "@fortawesome/fontawesome-common-types": "6.5.0"
      },
      "engines": {
        "node": ">=6"
      }
    }
  },
  "dependencies": {
    "@fortawesome/fontawesome-common-types": {
      "version": "6.5.0",
      "resolved": "https://registry.npmjs.org/@fortawesome/fontawesome-common-types/-/fontawesome-common-types-6.5.0.tgz",
      "integrity": "sha512-vYC8oN2l8meu05sRi1j3Iie/HNFAeIxpitYFhsUrBc11TxiMken9QdXnSQ0q16FYsOSt/6soxs5ghdk+VYGiog=="
    },
    "@fortawesome/fontawesome-svg-core": {
      "version": "6.5.0",
      "resolved": "https://registry.npmjs.org/@fortawesome/fontawesome-svg-core/-/fontawesome-svg-core-6.5.0.tgz",
      "integrity": "sha512-5DrR+oxQr+ruRQ3CEVV8DSCT/q8Atm56+FzAs0P6eW/epW47OmecSpSwc/YTlJ3u5BfPKUBSGyPR2qjZ+5eIgA==",
      "requires": {
        "@fortawesome/fontawesome-common-types": "6.5.0"
      }
    }
  }
}
